Microsoft Visual Studio Solution File, Format Version 11.00
# Visual Studio 2008

Project("{8C6E1A80-9A11-7ABC-AD0F-E9210DBB805E}") = "A-New-Game-Project", "Assembly-CSharp.csproj", "{CC318B16-7C95-706E-BD9F-5120851AAA98}"
EndProject
Global
	GlobalSection(SolutionConfigurationPlatforms) = preSolution
		Debug|Any CPU = Debug|Any CPU
		Release|Any CPU = Release|Any CPU
	EndGlobalSection
	GlobalSection(ProjectConfigurationPlatforms) = postSolution
		{CC318B16-7C95-706E-BD9F-5120851AAA98}.Debug|Any CPU.ActiveCfg = Debug|Any CPU
		{CC318B16-7C95-706E-BD9F-5120851AAA98}.Debug|Any CPU.Build.0 = Debug|Any CPU
		{CC318B16-7C95-706E-BD9F-5120851AAA98}.Release|Any CPU.ActiveCfg = Release|Any CPU
		{CC318B16-7C95-706E-BD9F-5120851AAA98}.Release|Any CPU.Build.0 = Release|Any CPU
	EndGlobalSection
	GlobalSection(SolutionProperties) = preSolution
		HideSolutionNode = FALSE
	EndGlobalSection
	GlobalSection(MonoDevelopProperties) = preSolution
		StartupItem = Assembly-CSharp.csproj
	EndGlobalSection
EndGlobal
