Microsoft Visual Studio Solution File, Format Version 11.00
# Visual Studio 2008

Project("{FDD50EBC-E496-AF39-A12D-F4D005779EF0}") = "Speech Plugin", "Assembly-CSharp.csproj", "{43EC1EB0-DE94-3DCD-1CB2-81E35C1F9921}"
EndProject
Global
	GlobalSection(SolutionConfigurationPlatforms) = preSolution
		Debug|Any CPU = Debug|Any CPU
		Release|Any CPU = Release|Any CPU
	EndGlobalSection
	GlobalSection(ProjectConfigurationPlatforms) = postSolution
		{43EC1EB0-DE94-3DCD-1CB2-81E35C1F9921}.Debug|Any CPU.ActiveCfg = Debug|Any CPU
		{43EC1EB0-DE94-3DCD-1CB2-81E35C1F9921}.Debug|Any CPU.Build.0 = Debug|Any CPU
		{43EC1EB0-DE94-3DCD-1CB2-81E35C1F9921}.Release|Any CPU.ActiveCfg = Release|Any CPU
		{43EC1EB0-DE94-3DCD-1CB2-81E35C1F9921}.Release|Any CPU.Build.0 = Release|Any CPU
	EndGlobalSection
	GlobalSection(SolutionProperties) = preSolution
		HideSolutionNode = FALSE
	EndGlobalSection
	GlobalSection(MonoDevelopProperties) = preSolution
		StartupItem = Assembly-CSharp.csproj
	EndGlobalSection
EndGlobal
