Microsoft Visual Studio Solution File, Format Version 11.00
# Visual Studio 2008

Project("{A2FCAC74-0548-E80A-1B42-75DF09F0AE9F}") = "Terrain Plugin", "Assembly-CSharp.csproj", "{D96D3858-C945-B477-098B-F199102EEA7E}"
EndProject
Global
	GlobalSection(SolutionConfigurationPlatforms) = preSolution
		Debug|Any CPU = Debug|Any CPU
		Release|Any CPU = Release|Any CPU
	EndGlobalSection
	GlobalSection(ProjectConfigurationPlatforms) = postSolution
		{D96D3858-C945-B477-098B-F199102EEA7E}.Debug|Any CPU.ActiveCfg = Debug|Any CPU
		{D96D3858-C945-B477-098B-F199102EEA7E}.Debug|Any CPU.Build.0 = Debug|Any CPU
		{D96D3858-C945-B477-098B-F199102EEA7E}.Release|Any CPU.ActiveCfg = Release|Any CPU
		{D96D3858-C945-B477-098B-F199102EEA7E}.Release|Any CPU.Build.0 = Release|Any CPU
	EndGlobalSection
	GlobalSection(SolutionProperties) = preSolution
		HideSolutionNode = FALSE
	EndGlobalSection
	GlobalSection(MonoDevelopProperties) = preSolution
		StartupItem = Assembly-CSharp.csproj
	EndGlobalSection
EndGlobal
